
Microsoft Visual Studio Solution File, Format Version 12.00
# Visual Studio Version 17
VisualStudioVersion = 17.6.33829.357
MinimumVisualStudioVersion = 10.0.40219.1
Project("{9A19103F-16F7-4668-BE54-9A1E7A4F7556}") = "Exercice1", "Exercice1\Exercice1.csproj", "{741315B0-099E-4E7B-A120-3E3BF79D46B9}"
EndProject
Project("{9A19103F-16F7-4668-BE54-9A1E7A4F7556}") = "Exercice1Bis", "Exercice1Bis\Exercice1Bis.csproj", "{AE73F9CC-6447-4943-84D1-CB1D03B92C93}"
EndProject
Project("{9A19103F-16F7-4668-BE54-9A1E7A4F7556}") = "Exercice2", "Exercice2\Exercice2.csproj", "{B7F8C24B-91BA-48D5-BA3E-9585AF0B59FC}"
EndProject
Project("{FAE04EC0-301F-11D3-BF4B-00C04F79EFBC}") = "Exercice3", "Exercice3\Exercice3.csproj", "{CDBE5758-EF15-4B42-9055-161694BED164}"
EndProject
Global
	GlobalSection(SolutionConfigurationPlatforms) = preSolution
		Debug|Any CPU = Debug|Any CPU
		Release|Any CPU = Release|Any CPU
	EndGlobalSection
	GlobalSection(ProjectConfigurationPlatforms) = postSolution
		{741315B0-099E-4E7B-A120-3E3BF79D46B9}.Debug|Any CPU.ActiveCfg = Debug|Any CPU
		{741315B0-099E-4E7B-A120-3E3BF79D46B9}.Debug|Any CPU.Build.0 = Debug|Any CPU
		{741315B0-099E-4E7B-A120-3E3BF79D46B9}.Release|Any CPU.ActiveCfg = Release|Any CPU
		{741315B0-099E-4E7B-A120-3E3BF79D46B9}.Release|Any CPU.Build.0 = Release|Any CPU
		{AE73F9CC-6447-4943-84D1-CB1D03B92C93}.Debug|Any CPU.ActiveCfg = Debug|Any CPU
		{AE73F9CC-6447-4943-84D1-CB1D03B92C93}.Debug|Any CPU.Build.0 = Debug|Any CPU
		{AE73F9CC-6447-4943-84D1-CB1D03B92C93}.Release|Any CPU.ActiveCfg = Release|Any CPU
		{AE73F9CC-6447-4943-84D1-CB1D03B92C93}.Release|Any CPU.Build.0 = Release|Any CPU
		{B7F8C24B-91BA-48D5-BA3E-9585AF0B59FC}.Debug|Any CPU.ActiveCfg = Debug|Any CPU
		{B7F8C24B-91BA-48D5-BA3E-9585AF0B59FC}.Debug|Any CPU.Build.0 = Debug|Any CPU
		{B7F8C24B-91BA-48D5-BA3E-9585AF0B59FC}.Release|Any CPU.ActiveCfg = Release|Any CPU
		{B7F8C24B-91BA-48D5-BA3E-9585AF0B59FC}.Release|Any CPU.Build.0 = Release|Any CPU
		{CDBE5758-EF15-4B42-9055-161694BED164}.Debug|Any CPU.ActiveCfg = Debug|Any CPU
		{CDBE5758-EF15-4B42-9055-161694BED164}.Debug|Any CPU.Build.0 = Debug|Any CPU
		{CDBE5758-EF15-4B42-9055-161694BED164}.Release|Any CPU.ActiveCfg = Release|Any CPU
		{CDBE5758-EF15-4B42-9055-161694BED164}.Release|Any CPU.Build.0 = Release|Any CPU
	EndGlobalSection
	GlobalSection(SolutionProperties) = preSolution
		HideSolutionNode = FALSE
	EndGlobalSection
	GlobalSection(ExtensibilityGlobals) = postSolution
		SolutionGuid = {B491C199-0326-4FC8-B140-C875653F0778}
	EndGlobalSection
EndGlobal
