
Microsoft Visual Studio Solution File, Format Version 12.00
# Visual Studio Version 17
VisualStudioVersion = 17.6.33829.357
MinimumVisualStudioVersion = 10.0.40219.1
Project("{9A19103F-16F7-4668-BE54-9A1E7A4F7556}") = "Exercice1", "Exercice1\Exercice1.csproj", "{741315B0-099E-4E7B-A120-3E3BF79D46B9}"
EndProject
Project("{9A19103F-16F7-4668-BE54-9A1E7A4F7556}") = "Exercice1Bis", "Exercice1Bis\Exercice1Bis.csproj", "{AE73F9CC-6447-4943-84D1-CB1D03B92C93}"
EndProject
Project("{9A19103F-16F7-4668-BE54-9A1E7A4F7556}") = "Exercice2", "Exercice2\Exercice2.csproj", "{B7F8C24B-91BA-48D5-BA3E-9585AF0B59FC}"
EndProject
Project("{9A19103F-16F7-4668-BE54-9A1E7A4F7556}") = "Exercice3", "Exercice3\Exercice3.csproj", "{CDBE5758-EF15-4B42-9055-161694BED164}"
EndProject
Project("{9A19103F-16F7-4668-BE54-9A1E7A4F7556}") = "Exercice5", "Exercice5\Exercice5.csproj", "{EBE9198D-DA26-4824-B30F-0A55692F2D0B}"
EndProject
Project("{9A19103F-16F7-4668-BE54-9A1E7A4F7556}") = "Exercice6", "Exercice6\Exercice6.csproj", "{F12485CB-6CFE-4347-B82E-138D70FF0809}"
EndProject
Project("{9A19103F-16F7-4668-BE54-9A1E7A4F7556}") = "ElelementCours", "ElelementCours\ElelementCours.csproj", "{B48AF0C4-82C0-45C0-8E83-E49727EECEFB}"
EndProject
Project("{9A19103F-16F7-4668-BE54-9A1E7A4F7556}") = "Exercice7", "Exercice7\Exercice7.csproj", "{CB461452-1B6E-4548-9976-45FDDFCFD110}"
EndProject
Project("{9A19103F-16F7-4668-BE54-9A1E7A4F7556}") = "Exercice8", "Exercice8\Exercice8.csproj", "{C5946EB7-ADCC-4D02-A9B7-E9B961BA41D4}"
EndProject
Project("{9A19103F-16F7-4668-BE54-9A1E7A4F7556}") = "Exercice9", "Exercice9\Exercice9.csproj", "{9CE19180-C769-4F9C-93A2-F514B4F264CC}"
EndProject
Project("{9A19103F-16F7-4668-BE54-9A1E7A4F7556}") = "Exercice10", "Exercice10\Exercice10.csproj", "{8025A246-A81C-4F15-9E0F-F56932384D5F}"
EndProject
Project("{9A19103F-16F7-4668-BE54-9A1E7A4F7556}") = "Exercice11", "Exercice11\Exercice11.csproj", "{C97473E4-C1CA-4E71-BF6B-4C837338A883}"
EndProject
Project("{9A19103F-16F7-4668-BE54-9A1E7A4F7556}") = "Exercice13", "Exercice13\Exercice13.csproj", "{7A9773A0-D8EC-4C58-9479-B108F7E37476}"
EndProject
Project("{9A19103F-16F7-4668-BE54-9A1E7A4F7556}") = "Exercice14", "Exercice14\Exercice14.csproj", "{371695E5-E264-4F5D-8971-9C11A36A6CD5}"
EndProject
Project("{9A19103F-16F7-4668-BE54-9A1E7A4F7556}") = "Exercice15", "Exercice15\Exercice15.csproj", "{56B4DB98-A16A-4E24-B321-7B06FF9F5D67}"
EndProject
Project("{9A19103F-16F7-4668-BE54-9A1E7A4F7556}") = "Exercice16", "Exercice16\Exercice16.csproj", "{4680DB52-7385-4CFE-9B68-2CE773E8876C}"
EndProject
Project("{9A19103F-16F7-4668-BE54-9A1E7A4F7556}") = "Exercice17", "Exercice17\Exercice17.csproj", "{56C7FB50-74F4-4663-B479-3DD5A1498567}"
EndProject
Project("{FAE04EC0-301F-11D3-BF4B-00C04F79EFBC}") = "Exercice18", "Exercice18\Exercice18.csproj", "{24C8D90A-8506-4660-979A-37AD7F0AA929}"
EndProject
Global
	GlobalSection(SolutionConfigurationPlatforms) = preSolution
		Debug|Any CPU = Debug|Any CPU
		Release|Any CPU = Release|Any CPU
	EndGlobalSection
	GlobalSection(ProjectConfigurationPlatforms) = postSolution
		{741315B0-099E-4E7B-A120-3E3BF79D46B9}.Debug|Any CPU.ActiveCfg = Debug|Any CPU
		{741315B0-099E-4E7B-A120-3E3BF79D46B9}.Debug|Any CPU.Build.0 = Debug|Any CPU
		{741315B0-099E-4E7B-A120-3E3BF79D46B9}.Release|Any CPU.ActiveCfg = Release|Any CPU
		{741315B0-099E-4E7B-A120-3E3BF79D46B9}.Release|Any CPU.Build.0 = Release|Any CPU
		{AE73F9CC-6447-4943-84D1-CB1D03B92C93}.Debug|Any CPU.ActiveCfg = Debug|Any CPU
		{AE73F9CC-6447-4943-84D1-CB1D03B92C93}.Debug|Any CPU.Build.0 = Debug|Any CPU
		{AE73F9CC-6447-4943-84D1-CB1D03B92C93}.Release|Any CPU.ActiveCfg = Release|Any CPU
		{AE73F9CC-6447-4943-84D1-CB1D03B92C93}.Release|Any CPU.Build.0 = Release|Any CPU
		{B7F8C24B-91BA-48D5-BA3E-9585AF0B59FC}.Debug|Any CPU.ActiveCfg = Debug|Any CPU
		{B7F8C24B-91BA-48D5-BA3E-9585AF0B59FC}.Debug|Any CPU.Build.0 = Debug|Any CPU
		{B7F8C24B-91BA-48D5-BA3E-9585AF0B59FC}.Release|Any CPU.ActiveCfg = Release|Any CPU
		{B7F8C24B-91BA-48D5-BA3E-9585AF0B59FC}.Release|Any CPU.Build.0 = Release|Any CPU
		{CDBE5758-EF15-4B42-9055-161694BED164}.Debug|Any CPU.ActiveCfg = Debug|Any CPU
		{CDBE5758-EF15-4B42-9055-161694BED164}.Debug|Any CPU.Build.0 = Debug|Any CPU
		{CDBE5758-EF15-4B42-9055-161694BED164}.Release|Any CPU.ActiveCfg = Release|Any CPU
		{CDBE5758-EF15-4B42-9055-161694BED164}.Release|Any CPU.Build.0 = Release|Any CPU
		{EBE9198D-DA26-4824-B30F-0A55692F2D0B}.Debug|Any CPU.ActiveCfg = Debug|Any CPU
		{EBE9198D-DA26-4824-B30F-0A55692F2D0B}.Debug|Any CPU.Build.0 = Debug|Any CPU
		{EBE9198D-DA26-4824-B30F-0A55692F2D0B}.Release|Any CPU.ActiveCfg = Release|Any CPU
		{EBE9198D-DA26-4824-B30F-0A55692F2D0B}.Release|Any CPU.Build.0 = Release|Any CPU
		{F12485CB-6CFE-4347-B82E-138D70FF0809}.Debug|Any CPU.ActiveCfg = Debug|Any CPU
		{F12485CB-6CFE-4347-B82E-138D70FF0809}.Debug|Any CPU.Build.0 = Debug|Any CPU
		{F12485CB-6CFE-4347-B82E-138D70FF0809}.Release|Any CPU.ActiveCfg = Release|Any CPU
		{F12485CB-6CFE-4347-B82E-138D70FF0809}.Release|Any CPU.Build.0 = Release|Any CPU
		{B48AF0C4-82C0-45C0-8E83-E49727EECEFB}.Debug|Any CPU.ActiveCfg = Debug|Any CPU
		{B48AF0C4-82C0-45C0-8E83-E49727EECEFB}.Debug|Any CPU.Build.0 = Debug|Any CPU
		{B48AF0C4-82C0-45C0-8E83-E49727EECEFB}.Release|Any CPU.ActiveCfg = Release|Any CPU
		{B48AF0C4-82C0-45C0-8E83-E49727EECEFB}.Release|Any CPU.Build.0 = Release|Any CPU
		{CB461452-1B6E-4548-9976-45FDDFCFD110}.Debug|Any CPU.ActiveCfg = Debug|Any CPU
		{CB461452-1B6E-4548-9976-45FDDFCFD110}.Debug|Any CPU.Build.0 = Debug|Any CPU
		{CB461452-1B6E-4548-9976-45FDDFCFD110}.Release|Any CPU.ActiveCfg = Release|Any CPU
		{CB461452-1B6E-4548-9976-45FDDFCFD110}.Release|Any CPU.Build.0 = Release|Any CPU
		{C5946EB7-ADCC-4D02-A9B7-E9B961BA41D4}.Debug|Any CPU.ActiveCfg = Debug|Any CPU
		{C5946EB7-ADCC-4D02-A9B7-E9B961BA41D4}.Debug|Any CPU.Build.0 = Debug|Any CPU
		{C5946EB7-ADCC-4D02-A9B7-E9B961BA41D4}.Release|Any CPU.ActiveCfg = Release|Any CPU
		{C5946EB7-ADCC-4D02-A9B7-E9B961BA41D4}.Release|Any CPU.Build.0 = Release|Any CPU
		{9CE19180-C769-4F9C-93A2-F514B4F264CC}.Debug|Any CPU.ActiveCfg = Debug|Any CPU
		{9CE19180-C769-4F9C-93A2-F514B4F264CC}.Debug|Any CPU.Build.0 = Debug|Any CPU
		{9CE19180-C769-4F9C-93A2-F514B4F264CC}.Release|Any CPU.ActiveCfg = Release|Any CPU
		{9CE19180-C769-4F9C-93A2-F514B4F264CC}.Release|Any CPU.Build.0 = Release|Any CPU
		{8025A246-A81C-4F15-9E0F-F56932384D5F}.Debug|Any CPU.ActiveCfg = Debug|Any CPU
		{8025A246-A81C-4F15-9E0F-F56932384D5F}.Debug|Any CPU.Build.0 = Debug|Any CPU
		{8025A246-A81C-4F15-9E0F-F56932384D5F}.Release|Any CPU.ActiveCfg = Release|Any CPU
		{8025A246-A81C-4F15-9E0F-F56932384D5F}.Release|Any CPU.Build.0 = Release|Any CPU
		{C97473E4-C1CA-4E71-BF6B-4C837338A883}.Debug|Any CPU.ActiveCfg = Debug|Any CPU
		{C97473E4-C1CA-4E71-BF6B-4C837338A883}.Debug|Any CPU.Build.0 = Debug|Any CPU
		{C97473E4-C1CA-4E71-BF6B-4C837338A883}.Release|Any CPU.ActiveCfg = Release|Any CPU
		{C97473E4-C1CA-4E71-BF6B-4C837338A883}.Release|Any CPU.Build.0 = Release|Any CPU
		{7A9773A0-D8EC-4C58-9479-B108F7E37476}.Debug|Any CPU.ActiveCfg = Debug|Any CPU
		{7A9773A0-D8EC-4C58-9479-B108F7E37476}.Debug|Any CPU.Build.0 = Debug|Any CPU
		{7A9773A0-D8EC-4C58-9479-B108F7E37476}.Release|Any CPU.ActiveCfg = Release|Any CPU
		{7A9773A0-D8EC-4C58-9479-B108F7E37476}.Release|Any CPU.Build.0 = Release|Any CPU
		{371695E5-E264-4F5D-8971-9C11A36A6CD5}.Debug|Any CPU.ActiveCfg = Debug|Any CPU
		{371695E5-E264-4F5D-8971-9C11A36A6CD5}.Debug|Any CPU.Build.0 = Debug|Any CPU
		{371695E5-E264-4F5D-8971-9C11A36A6CD5}.Release|Any CPU.ActiveCfg = Release|Any CPU
		{371695E5-E264-4F5D-8971-9C11A36A6CD5}.Release|Any CPU.Build.0 = Release|Any CPU
		{56B4DB98-A16A-4E24-B321-7B06FF9F5D67}.Debug|Any CPU.ActiveCfg = Debug|Any CPU
		{56B4DB98-A16A-4E24-B321-7B06FF9F5D67}.Debug|Any CPU.Build.0 = Debug|Any CPU
		{56B4DB98-A16A-4E24-B321-7B06FF9F5D67}.Release|Any CPU.ActiveCfg = Release|Any CPU
		{56B4DB98-A16A-4E24-B321-7B06FF9F5D67}.Release|Any CPU.Build.0 = Release|Any CPU
		{4680DB52-7385-4CFE-9B68-2CE773E8876C}.Debug|Any CPU.ActiveCfg = Debug|Any CPU
		{4680DB52-7385-4CFE-9B68-2CE773E8876C}.Debug|Any CPU.Build.0 = Debug|Any CPU
		{4680DB52-7385-4CFE-9B68-2CE773E8876C}.Release|Any CPU.ActiveCfg = Release|Any CPU
		{4680DB52-7385-4CFE-9B68-2CE773E8876C}.Release|Any CPU.Build.0 = Release|Any CPU
		{56C7FB50-74F4-4663-B479-3DD5A1498567}.Debug|Any CPU.ActiveCfg = Debug|Any CPU
		{56C7FB50-74F4-4663-B479-3DD5A1498567}.Debug|Any CPU.Build.0 = Debug|Any CPU
		{56C7FB50-74F4-4663-B479-3DD5A1498567}.Release|Any CPU.ActiveCfg = Release|Any CPU
		{56C7FB50-74F4-4663-B479-3DD5A1498567}.Release|Any CPU.Build.0 = Release|Any CPU
		{24C8D90A-8506-4660-979A-37AD7F0AA929}.Debug|Any CPU.ActiveCfg = Debug|Any CPU
		{24C8D90A-8506-4660-979A-37AD7F0AA929}.Debug|Any CPU.Build.0 = Debug|Any CPU
		{24C8D90A-8506-4660-979A-37AD7F0AA929}.Release|Any CPU.ActiveCfg = Release|Any CPU
		{24C8D90A-8506-4660-979A-37AD7F0AA929}.Release|Any CPU.Build.0 = Release|Any CPU
	EndGlobalSection
	GlobalSection(SolutionProperties) = preSolution
		HideSolutionNode = FALSE
	EndGlobalSection
	GlobalSection(ExtensibilityGlobals) = postSolution
		SolutionGuid = {B491C199-0326-4FC8-B140-C875653F0778}
	EndGlobalSection
EndGlobal
